
Microsoft Visual Studio Solution File, Format Version 12.00
# Visual Studio Version 16
VisualStudioVersion = 16.0.31005.135
MinimumVisualStudioVersion = 10.0.40219.1
Project("{FAE04EC0-301F-11D3-BF4B-00C04F79EFBC}") = "App", "App\App.csproj", "{E86CD4D4-7447-4F6A-A9AD-22D7263E722F}"
EndProject
Project("{FAE04EC0-301F-11D3-BF4B-00C04F79EFBC}") = "Cache", "Cache\Cache.csproj", "{4E72E175-A6B1-43CF-AE6D-3A0306E6ECD7}"
EndProject
Global
	GlobalSection(SolutionConfigurationPlatforms) = preSolution
		Debug|Any CPU = Debug|Any CPU
		Release|Any CPU = Release|Any CPU
	EndGlobalSection
	GlobalSection(ProjectConfigurationPlatforms) = postSolution
		{E86CD4D4-7447-4F6A-A9AD-22D7263E722F}.Debug|Any CPU.ActiveCfg = Debug|Any CPU
		{E86CD4D4-7447-4F6A-A9AD-22D7263E722F}.Debug|Any CPU.Build.0 = Debug|Any CPU
		{E86CD4D4-7447-4F6A-A9AD-22D7263E722F}.Release|Any CPU.ActiveCfg = Release|Any CPU
		{E86CD4D4-7447-4F6A-A9AD-22D7263E722F}.Release|Any CPU.Build.0 = Release|Any CPU
		{4E72E175-A6B1-43CF-AE6D-3A0306E6ECD7}.Debug|Any CPU.ActiveCfg = Debug|Any CPU
		{4E72E175-A6B1-43CF-AE6D-3A0306E6ECD7}.Debug|Any CPU.Build.0 = Debug|Any CPU
		{4E72E175-A6B1-43CF-AE6D-3A0306E6ECD7}.Release|Any CPU.ActiveCfg = Release|Any CPU
		{4E72E175-A6B1-43CF-AE6D-3A0306E6ECD7}.Release|Any CPU.Build.0 = Release|Any CPU
	EndGlobalSection
	GlobalSection(SolutionProperties) = preSolution
		HideSolutionNode = FALSE
	EndGlobalSection
	GlobalSection(ExtensibilityGlobals) = postSolution
		SolutionGuid = {42733FEB-4355-4031-852A-7F2C60D024EE}
	EndGlobalSection
EndGlobal
